
Microsoft Visual Studio Solution File, Format Version 12.00
# Visual Studio 2015
Project("{FAE04EC0-301F-11D3-BF4B-00C04F79EFBC}") = "VIVE TEST ROOM", "VIVE TEST ROOM.csproj", "{980AC8C5-760E-6AD5-A9DC-3ADD764DC506}"
EndProject
Project("{FAE04EC0-301F-11D3-BF4B-00C04F79EFBC}") = "VIVE TEST ROOM.Editor", "VIVE TEST ROOM.Editor.csproj", "{76937960-4327-9B17-39F1-415C7438A0E7}"
EndProject
Global
	GlobalSection(SolutionConfigurationPlatforms) = preSolution
		Debug|Any CPU = Debug|Any CPU
		Release|Any CPU = Release|Any CPU
	EndGlobalSection
	GlobalSection(ProjectConfigurationPlatforms) = postSolution
		{980AC8C5-760E-6AD5-A9DC-3ADD764DC506}.Debug|Any CPU.ActiveCfg = Debug|Any CPU
		{980AC8C5-760E-6AD5-A9DC-3ADD764DC506}.Debug|Any CPU.Build.0 = Debug|Any CPU
		{980AC8C5-760E-6AD5-A9DC-3ADD764DC506}.Release|Any CPU.ActiveCfg = Release|Any CPU
		{980AC8C5-760E-6AD5-A9DC-3ADD764DC506}.Release|Any CPU.Build.0 = Release|Any CPU
		{76937960-4327-9B17-39F1-415C7438A0E7}.Debug|Any CPU.ActiveCfg = Debug|Any CPU
		{76937960-4327-9B17-39F1-415C7438A0E7}.Debug|Any CPU.Build.0 = Debug|Any CPU
		{76937960-4327-9B17-39F1-415C7438A0E7}.Release|Any CPU.ActiveCfg = Release|Any CPU
		{76937960-4327-9B17-39F1-415C7438A0E7}.Release|Any CPU.Build.0 = Release|Any CPU
	EndGlobalSection
	GlobalSection(SolutionProperties) = preSolution
		HideSolutionNode = FALSE
	EndGlobalSection
EndGlobal
